
Microsoft Visual Studio Solution File, Format Version 12.00
# Visual Studio Version 16
VisualStudioVersion = 16.0.29418.71
MinimumVisualStudioVersion = 10.0.40219.1
Project("{FAE04EC0-301F-11D3-BF4B-00C04F79EFBC}") = "Glide", "Glide.csproj", "{E7A4C019-F91E-44A6-A458-621FD0221BB6}"
EndProject
Global
	GlobalSection(SolutionConfigurationPlatforms) = preSolution
		Debug|Any CPU = Debug|Any CPU
		Release|Any CPU = Release|Any CPU
	EndGlobalSection
	GlobalSection(ProjectConfigurationPlatforms) = postSolution
		{E7A4C019-F91E-44A6-A458-621FD0221BB6}.Debug|Any CPU.ActiveCfg = Debug|Any CPU
		{E7A4C019-F91E-44A6-A458-621FD0221BB6}.Debug|Any CPU.Build.0 = Debug|Any CPU
		{E7A4C019-F91E-44A6-A458-621FD0221BB6}.Release|Any CPU.ActiveCfg = Release|Any CPU
		{E7A4C019-F91E-44A6-A458-621FD0221BB6}.Release|Any CPU.Build.0 = Release|Any CPU
	EndGlobalSection
	GlobalSection(SolutionProperties) = preSolution
		HideSolutionNode = FALSE
	EndGlobalSection
	GlobalSection(ExtensibilityGlobals) = postSolution
		SolutionGuid = {EB1422A0-16A0-4A5B-BC0B-9E586BC4A65D}
	EndGlobalSection
EndGlobal
